PODS:
  - flutter_file_info (0.0.1):
    - FlutterMacOS
  - FlutterMacOS (1.0.0)

DEPENDENCIES:
  - flutter_file_info (from `Flutter/ephemeral/.symlinks/plugins/flutter_file_info/macos`)
  - FlutterMacOS (from `Flutter/ephemeral`)

EXTERNAL SOURCES:
  flutter_file_info:
    :path: Flutter/ephemeral/.symlinks/plugins/flutter_file_info/macos
  FlutterMacOS:
    :path: Flutter/ephemeral

SPEC CHECKSUMS:
  flutter_file_info: d015ac4cdc5a835b58bbbdb36d7042be1b465330
  FlutterMacOS: 8f6f14fa908a6fb3fba0cd85dbd81ec4b251fb24

PODFILE CHECKSUM: 236401fc2c932af29a9fcf0e97baeeb2d750d367

COCOAPODS: 1.16.2
